{
  "name": "travel-distance",
  "version": "1.0.0",
  "lockfileVersion": 3,
  "requires": true,
  "packages": {
    "": {
      "name": "travel-distance",
      "version": "1.0.0",
      "license": "ISC",
      "dependencies": {
        "@fast-csv/parse": "^5.0.2",
        "postgres": "^3.4.5"
      },
      "devDependencies": {
        "@types/node": "^22.10.10"
      },
      "engines": {
        "node": "23.x"
      }
    },
    "node_modules/@fast-csv/parse": {
      "version": "5.0.2",
      "resolved": "https://registry.npmjs.org/@fast-csv/parse/-/parse-5.0.2.tgz",
      "integrity": "sha512-gMu1Btmm99TP+wc0tZnlH30E/F1Gw1Tah3oMDBHNPe9W8S68ixVHjt89Wg5lh7d9RuQMtwN+sGl5kxR891+fzw==",
      "license": "MIT",
      "dependencies": {
        "lodash.escaperegexp": "^4.1.2",
        "lodash.groupby": "^4.6.0",
        "lodash.isfunction": "^3.0.9",
        "lodash.isnil": "^4.0.0",
        "lodash.isundefined": "^3.0.1",
        "lodash.uniq": "^4.5.0"
      }
    },
    "node_modules/@types/node": {
      "version": "22.10.10",
      "resolved": "https://registry.npmjs.org/@types/node/-/node-22.10.10.tgz",
      "integrity": "sha512-X47y/mPNzxviAGY5TcYPtYL8JsY3kAq2n8fMmKoRCxq/c4v4pyGNCzM2R6+M5/umG4ZfHuT+sgqDYqWc9rJ6ww==",
      "dev": true,
      "license": "MIT",
      "dependencies": {
        "undici-types": "~6.20.0"
      }
    },
    "node_modules/lodash.escaperegexp": {
      "version": "4.1.2",
      "resolved": "https://registry.npmjs.org/lodash.escaperegexp/-/lodash.escaperegexp-4.1.2.tgz",
      "integrity": "sha512-TM9YBvyC84ZxE3rgfefxUWiQKLilstD6k7PTGt6wfbtXF8ixIJLOL3VYyV/z+ZiPLsVxAsKAFVwWlWeb2Y8Yyw==",
      "license": "MIT"
    },
    "node_modules/lodash.groupby": {
      "version": "4.6.0",
      "resolved": "https://registry.npmjs.org/lodash.groupby/-/lodash.groupby-4.6.0.tgz",
      "integrity": "sha512-5dcWxm23+VAoz+awKmBaiBvzox8+RqMgFhi7UvX9DHZr2HdxHXM/Wrf8cfKpsW37RNrvtPn6hSwNqurSILbmJw==",
      "license": "MIT"
    },
    "node_modules/lodash.isfunction": {
      "version": "3.0.9",
      "resolved": "https://registry.npmjs.org/lodash.isfunction/-/lodash.isfunction-3.0.9.tgz",
      "integrity": "sha512-AirXNj15uRIMMPihnkInB4i3NHeb4iBtNg9WRWuK2o31S+ePwwNmDPaTL3o7dTJ+VXNZim7rFs4rxN4YU1oUJw==",
      "license": "MIT"
    },
    "node_modules/lodash.isnil": {
      "version": "4.0.0",
      "resolved": "https://registry.npmjs.org/lodash.isnil/-/lodash.isnil-4.0.0.tgz",
      "integrity": "sha512-up2Mzq3545mwVnMhTDMdfoG1OurpA/s5t88JmQX809eH3C8491iu2sfKhTfhQtKY78oPNhiaHJUpT/dUDAAtng==",
      "license": "MIT"
    },
    "node_modules/lodash.isundefined": {
      "version": "3.0.1",
      "resolved": "https://registry.npmjs.org/lodash.isundefined/-/lodash.isundefined-3.0.1.tgz",
      "integrity": "sha512-MXB1is3s899/cD8jheYYE2V9qTHwKvt+npCwpD+1Sxm3Q3cECXCiYHjeHWXNwr6Q0SOBPrYUDxendrO6goVTEA==",
      "license": "MIT"
    },
    "node_modules/lodash.uniq": {
      "version": "4.5.0",
      "resolved": "https://registry.npmjs.org/lodash.uniq/-/lodash.uniq-4.5.0.tgz",
      "integrity": "sha512-xfBaXQd9ryd9dlSDvnvI0lvxfLJlYAZzXomUYzLKtUeOQvOP5piqAWuGtrhWeqaXK9hhoM/iyJc5AV+XfsX3HQ==",
      "license": "MIT"
    },
    "node_modules/postgres": {
      "version": "3.4.5",
      "resolved": "https://registry.npmjs.org/postgres/-/postgres-3.4.5.tgz",
      "integrity": "sha512-cDWgoah1Gez9rN3H4165peY9qfpEo+SA61oQv65O3cRUE1pOEoJWwddwcqKE8XZYjbblOJlYDlLV4h67HrEVDg==",
      "license": "Unlicense",
      "engines": {
        "node": ">=12"
      },
      "funding": {
        "type": "individual",
        "url": "https://github.com/sponsors/porsager"
      }
    },
    "node_modules/undici-types": {
      "version": "6.20.0",
      "resolved": "https://registry.npmjs.org/undici-types/-/undici-types-6.20.0.tgz",
      "integrity": "sha512-Ny6QZ2Nju20vw1SRHe3d9jVu6gJ+4e3+MMpqu7pqE5HT6WsTSlce++GQmK5UXS8mzV8DSYHrQH+Xrf2jVcuKNg==",
      "dev": true,
      "license": "MIT"
    }
  }
}
